
Microsoft Visual Studio Solution File, Format Version 12.00
# Visual Studio Version 17
VisualStudioVersion = 17.14.36414.22 d17.14
MinimumVisualStudioVersion = 10.0.40219.1
Project("{FAE04EC0-301F-11D3-BF4B-00C04F79EFBC}") = "FirstMauiApp", "FirstMauiApp\FirstMauiApp.csproj", "{007FCF4A-4058-4ECE-AFDE-A9C1B940A140}"
EndProject
Global
	GlobalSection(SolutionConfigurationPlatforms) = preSolution
		Debug|Any CPU = Debug|Any CPU
		Release|Any CPU = Release|Any CPU
	EndGlobalSection
	GlobalSection(ProjectConfigurationPlatforms) = postSolution
		{007FCF4A-4058-4ECE-AFDE-A9C1B940A140}.Debug|Any CPU.ActiveCfg = Debug|Any CPU
		{007FCF4A-4058-4ECE-AFDE-A9C1B940A140}.Debug|Any CPU.Build.0 = Debug|Any CPU
		{007FCF4A-4058-4ECE-AFDE-A9C1B940A140}.Release|Any CPU.ActiveCfg = Release|Any CPU
		{007FCF4A-4058-4ECE-AFDE-A9C1B940A140}.Release|Any CPU.Build.0 = Release|Any CPU
	EndGlobalSection
	GlobalSection(SolutionProperties) = preSolution
		HideSolutionNode = FALSE
	EndGlobalSection
	GlobalSection(ExtensibilityGlobals) = postSolution
		SolutionGuid = {C982A68B-62BD-44D1-84BE-B2CE831E4E34}
	EndGlobalSection
EndGlobal
